
Microsoft Visual Studio Solution File, Format Version 12.00
# Visual Studio Version 16
VisualStudioVersion = 16.0.30104.148
MinimumVisualStudioVersion = 10.0.40219.1
Project("{FAE04EC0-301F-11D3-BF4B-00C04F79EFBC}") = "hellocsharp", "hellocsharp.csproj", "{21C6303F-460E-4588-8511-21496863F3EA}"
EndProject
Global
	GlobalSection(SolutionConfigurationPlatforms) = preSolution
		Debug|Any CPU = Debug|Any CPU
		Release|Any CPU = Release|Any CPU
	EndGlobalSection
	GlobalSection(ProjectConfigurationPlatforms) = postSolution
		{21C6303F-460E-4588-8511-21496863F3EA}.Debug|Any CPU.ActiveCfg = Debug|Any CPU
		{21C6303F-460E-4588-8511-21496863F3EA}.Debug|Any CPU.Build.0 = Debug|Any CPU
		{21C6303F-460E-4588-8511-21496863F3EA}.Release|Any CPU.ActiveCfg = Release|Any CPU
		{21C6303F-460E-4588-8511-21496863F3EA}.Release|Any CPU.Build.0 = Release|Any CPU
	EndGlobalSection
	GlobalSection(SolutionProperties) = preSolution
		HideSolutionNode = FALSE
	EndGlobalSection
	GlobalSection(ExtensibilityGlobals) = postSolution
		SolutionGuid = {B606913F-F491-4F12-B697-B8AA65AF9327}
	EndGlobalSection
EndGlobal
